// !$*UTF8*$!
{
	archiveVersion = 1;
	classes = {
	};
	objectVersion = 77;
	objects = {

/* Begin PBXBuildFile section */
		438FB4EB2F720A8C00D2254E /* GoogleSignIn in Frameworks */ = {isa = PBXBuildFile; productRef = 438FB4EA2F720A8C00D2254E /* GoogleSignIn */; };
		438FB4ED2F720A8C00D2254E /* GoogleSignInSwift in Frameworks */ = {isa = PBXBuildFile; productRef = 438FB4EC2F720A8C00D2254E /* GoogleSignInSwift */; };
		43DEF9752F720250007A5DC9 /* FirebaseAI in Frameworks */ = {isa = PBXBuildFile; productRef = 43DEF9742F720250007A5DC9 /* FirebaseAI */; };
		43DEF9772F720250007A5DC9 /* FirebaseAILogic in Frameworks */ = {isa = PBXBuildFile; productRef = 43DEF9762F720250007A5DC9 /* FirebaseAILogic */; };
		43DEF9792F720250007A5DC9 /* FirebaseAnalytics in Frameworks */ = {isa = PBXBuildFile; productRef = 43DEF9782F720250007A5DC9 /* FirebaseAnalytics */; };
		43DEF97B2F720250007A5DC9 /* FirebaseAnalyticsCore in Frameworks */ = {isa = PBXBuildFile; productRef = 43DEF97A2F720250007A5DC9 /* FirebaseAnalyticsCore */; };
		43DEF97D2F720250007A5DC9 /* FirebaseAnalyticsIdentitySupport in Frameworks */ = {isa = PBXBuildFile; productRef = 43DEF97C2F720250007A5DC9 /* FirebaseAnalyticsIdentitySupport */; };
		43DEF97F2F720250007A5DC9 /* FirebaseAppCheck in Frameworks */ = {isa = PBXBuildFile; productRef = 43DEF97E2F720250007A5DC9 /* FirebaseAppCheck */; };
		43DEF9812F720250007A5DC9 /* FirebaseAppDistribution-Beta in Frameworks */ = {isa = PBXBuildFile; productRef = 43DEF9802F720250007A5DC9 /* FirebaseAppDistribution-Beta */; };
		43DEF9832F720250007A5DC9 /* FirebaseAuth in Frameworks */ = {isa = PBXBuildFile; productRef = 43DEF9822F720250007A5DC9 /* FirebaseAuth */; };
		43DEF9852F720250007A5DC9 /* FirebaseAuthCombine-Community in Frameworks */ = {isa = PBXBuildFile; productRef = 43DEF9842F720250007A5DC9 /* FirebaseAuthCombine-Community */; };
		43DEF9872F720250007A5DC9 /* FirebaseCore in Frameworks */ = {isa = PBXBuildFile; productRef = 43DEF9862F720250007A5DC9 /* FirebaseCore */; };
		43DEF9892F720250007A5DC9 /* FirebaseCrashlytics in Frameworks */ = {isa = PBXBuildFile; productRef = 43DEF9882F720250007A5DC9 /* FirebaseCrashlytics */; };
		43DEF98B2F720250007A5DC9 /* FirebaseDatabase in Frameworks */ = {isa = PBXBuildFile; productRef = 43DEF98A2F720250007A5DC9 /* FirebaseDatabase */; };
		43DEF98D2F720250007A5DC9 /* FirebaseFirestore in Frameworks */ = {isa = PBXBuildFile; productRef = 43DEF98C2F720250007A5DC9 /* FirebaseFirestore */; };
		43DEF98F2F720250007A5DC9 /* FirebaseFirestoreCombine-Community in Frameworks */ = {isa = PBXBuildFile; productRef = 43DEF98E2F720250007A5DC9 /* FirebaseFirestoreCombine-Community */; };
		43DEF9912F720250007A5DC9 /* FirebaseFunctions in Frameworks */ = {isa = PBXBuildFile; productRef = 43DEF9902F720250007A5DC9 /* FirebaseFunctions */; };
		43DEF9932F720250007A5DC9 /* FirebaseFunctionsCombine-Community in Frameworks */ = {isa = PBXBuildFile; productRef = 43DEF9922F720250007A5DC9 /* FirebaseFunctionsCombine-Community */; };
		43DEF9952F720250007A5DC9 /* FirebaseInAppMessaging-Beta in Frameworks */ = {isa = PBXBuildFile; productRef = 43DEF9942F720250007A5DC9 /* FirebaseInAppMessaging-Beta */; };
		43DEF9972F720250007A5DC9 /* FirebaseInstallations in Frameworks */ = {isa = PBXBuildFile; productRef = 43DEF9962F720250007A5DC9 /* FirebaseInstallations */; };
		43DEF9992F720250007A5DC9 /* FirebaseMLModelDownloader in Frameworks */ = {isa = PBXBuildFile; productRef = 43DEF9982F720250007A5DC9 /* FirebaseMLModelDownloader */; };
		43DEF99B2F720250007A5DC9 /* FirebaseMessaging in Frameworks */ = {isa = PBXBuildFile; productRef = 43DEF99A2F720250007A5DC9 /* FirebaseMessaging */; };
		43DEF99D2F720250007A5DC9 /* FirebasePerformance in Frameworks */ = {isa = PBXBuildFile; productRef = 43DEF99C2F720250007A5DC9 /* FirebasePerformance */; };
		43DEF99F2F720250007A5DC9 /* FirebaseRemoteConfig in Frameworks */ = {isa = PBXBuildFile; productRef = 43DEF99E2F720250007A5DC9 /* FirebaseRemoteConfig */; };
		43DEF9A12F720250007A5DC9 /* FirebaseStorage in Frameworks */ = {isa = PBXBuildFile; productRef = 43DEF9A02F720250007A5DC9 /* FirebaseStorage */; };
		43DEF9A32F720250007A5DC9 /* FirebaseStorageCombine-Community in Frameworks */ = {isa = PBXBuildFile; productRef = 43DEF9A22F720250007A5DC9 /* FirebaseStorageCombine-Community */; };
/* End PBXBuildFile section */

/* Begin PBXContainerItemProxy section */
		43A5DF2A2F71835200BE4A4D /* PBXContainerItemProxy */ = {
			isa = PBXContainerItemProxy;
			containerPortal = 43A5DF0F2F71835100BE4A4D /* Project object */;
			proxyType = 1;
			remoteGlobalIDString = 43A5DF162F71835100BE4A4D;
			remoteInfo = "easy-flashcards";
		};
		43A5DF342F71835200BE4A4D /* PBXContainerItemProxy */ = {
			isa = PBXContainerItemProxy;
			containerPortal = 43A5DF0F2F71835100BE4A4D /* Project object */;
			proxyType = 1;
			remoteGlobalIDString = 43A5DF162F71835100BE4A4D;
			remoteInfo = "easy-flashcards";
		};
/* End PBXContainerItemProxy section */

/* Begin PBXFileReference section */
		43A5DF172F71835100BE4A4D /* easy-flashcards.app */ = {isa = PBXFileReference; explicitFileType = wrapper.application; includeInIndex = 0; path = "easy-flashcards.app"; sourceTree = BUILT_PRODUCTS_DIR; };
		43A5DF292F71835200BE4A4D /* easy-flashcardsTests.xctest */ = {isa = PBXFileReference; explicitFileType = wrapper.cfbundle; includeInIndex = 0; path = "easy-flashcardsTests.xctest"; sourceTree = BUILT_PRODUCTS_DIR; };
		43A5DF332F71835200BE4A4D /* easy-flashcardsUITests.xctest */ = {isa = PBXFileReference; explicitFileType = wrapper.cfbundle; includeInIndex = 0; path = "easy-flashcardsUITests.xctest"; sourceTree = BUILT_PRODUCTS_DIR; };
/* End PBXFileReference section */

/* Begin PBXFileSystemSynchronizedBuildFileExceptionSet section */
		43813A172F720E36004C5F2D /* Exceptions for "easy-flashcards" folder in "easy-flashcards" target */ = {
			isa = PBXFileSystemSynchronizedBuildFileExceptionSet;
			membershipExceptions = (
				Info.plist,
			);
			target = 43A5DF162F71835100BE4A4D /* easy-flashcards */;
		};
		43DEF8512F71CD73007A5DC9 /* Exceptions for "easy-flashcards" folder in "easy-flashcardsTests" target */ = {
			isa = PBXFileSystemSynchronizedBuildFileExceptionSet;
			membershipExceptions = (
				"Features/Splash/Launch Screen.storyboard",
			);
			target = 43A5DF282F71835200BE4A4D /* easy-flashcardsTests */;
		};
		43DEF8522F71CD73007A5DC9 /* Exceptions for "easy-flashcards" folder in "easy-flashcardsUITests" target */ = {
			isa = PBXFileSystemSynchronizedBuildFileExceptionSet;
			membershipExceptions = (
				"Features/Splash/Launch Screen.storyboard",
			);
			target = 43A5DF322F71835200BE4A4D /* easy-flashcardsUITests */;
		};
/* End PBXFileSystemSynchronizedBuildFileExceptionSet section */

/* Begin PBXFileSystemSynchronizedRootGroup section */
		43A5DF192F71835100BE4A4D /* easy-flashcards */ = {
			isa = PBXFileSystemSynchronizedRootGroup;
			exceptions = (
				43813A172F720E36004C5F2D /* Exceptions for "easy-flashcards" folder in "easy-flashcards" target */,
				43DEF8512F71CD73007A5DC9 /* Exceptions for "easy-flashcards" folder in "easy-flashcardsTests" target */,
				43DEF8522F71CD73007A5DC9 /* Exceptions for "easy-flashcards" folder in "easy-flashcardsUITests" target */,
			);
			path = "easy-flashcards";
			sourceTree = "<group>";
		};
		43A5DF2C2F71835200BE4A4D /* easy-flashcardsTests */ = {
			isa = PBXFileSystemSynchronizedRootGroup;
			path = "easy-flashcardsTests";
			sourceTree = "<group>";
		};
		43A5DF362F71835200BE4A4D /* easy-flashcardsUITests */ = {
			isa = PBXFileSystemSynchronizedRootGroup;
			path = "easy-flashcardsUITests";
			sourceTree = "<group>";
		};
/* End PBXFileSystemSynchronizedRootGroup section */

/* Begin PBXFrameworksBuildPhase section */
		43A5DF142F71835100BE4A4D /* Frameworks */ = {
			isa = PBXFrameworksBuildPhase;
			buildActionMask = 2147483647;
			files = (
				43DEF9812F720250007A5DC9 /* FirebaseAppDistribution-Beta in Frameworks */,
				43DEF98D2F720250007A5DC9 /* FirebaseFirestore in Frameworks */,
				43DEF9852F720250007A5DC9 /* FirebaseAuthCombine-Community in Frameworks */,
				43DEF9972F720250007A5DC9 /* FirebaseInstallations in Frameworks */,
				43DEF9772F720250007A5DC9 /* FirebaseAILogic in Frameworks */,
				438FB4ED2F720A8C00D2254E /* GoogleSignInSwift in Frameworks */,
				43DEF97D2F720250007A5DC9 /* FirebaseAnalyticsIdentitySupport in Frameworks */,
				43DEF9952F720250007A5DC9 /* FirebaseInAppMessaging-Beta in Frameworks */,
				43DEF9752F720250007A5DC9 /* FirebaseAI in Frameworks */,
				43DEF9892F720250007A5DC9 /* FirebaseCrashlytics in Frameworks */,
				43DEF9932F720250007A5DC9 /* FirebaseFunctionsCombine-Community in Frameworks */,
				43DEF9A32F720250007A5DC9 /* FirebaseStorageCombine-Community in Frameworks */,
				43DEF98B2F720250007A5DC9 /* FirebaseDatabase in Frameworks */,
				43DEF9A12F720250007A5DC9 /* FirebaseStorage in Frameworks */,
				43DEF99F2F720250007A5DC9 /* FirebaseRemoteConfig in Frameworks */,
				43DEF9792F720250007A5DC9 /* FirebaseAnalytics in Frameworks */,
				438FB4EB2F720A8C00D2254E /* GoogleSignIn in Frameworks */,
				43DEF99B2F720250007A5DC9 /* FirebaseMessaging in Frameworks */,
				43DEF9992F720250007A5DC9 /* FirebaseMLModelDownloader in Frameworks */,
				43DEF99D2F720250007A5DC9 /* FirebasePerformance in Frameworks */,
				43DEF9872F720250007A5DC9 /* FirebaseCore in Frameworks */,
				43DEF97F2F720250007A5DC9 /* FirebaseAppCheck in Frameworks */,
				43DEF97B2F720250007A5DC9 /* FirebaseAnalyticsCore in Frameworks */,
				43DEF9912F720250007A5DC9 /* FirebaseFunctions in Frameworks */,
				43DEF9832F720250007A5DC9 /* FirebaseAuth in Frameworks */,
				43DEF98F2F720250007A5DC9 /* FirebaseFirestoreCombine-Community in Frameworks */,
			);
			runOnlyForDeploymentPostprocessing = 0;
		};
		43A5DF262F71835200BE4A4D /* Frameworks */ = {
			isa = PBXFrameworksBuildPhase;
			buildActionMask = 2147483647;
			files = (
			);
			runOnlyForDeploymentPostprocessing = 0;
		};
		43A5DF302F71835200BE4A4D /* Frameworks */ = {
			isa = PBXFrameworksBuildPhase;
			buildActionMask = 2147483647;
			files = (
			);
			runOnlyForDeploymentPostprocessing = 0;
		};
/* End PBXFrameworksBuildPhase section */

/* Begin PBXGroup section */
		43A5DF0E2F71835100BE4A4D = {
			isa = PBXGroup;
			children = (
				43A5DF192F71835100BE4A4D /* easy-flashcards */,
				43A5DF2C2F71835200BE4A4D /* easy-flashcardsTests */,
				43A5DF362F71835200BE4A4D /* easy-flashcardsUITests */,
				43A5DF182F71835100BE4A4D /* Products */,
			);
			sourceTree = "<group>";
		};
		43A5DF182F71835100BE4A4D /* Products */ = {
			isa = PBXGroup;
			children = (
				43A5DF172F71835100BE4A4D /* easy-flashcards.app */,
				43A5DF292F71835200BE4A4D /* easy-flashcardsTests.xctest */,
				43A5DF332F71835200BE4A4D /* easy-flashcardsUITests.xctest */,
			);
			name = Products;
			sourceTree = "<group>";
		};
/* End PBXGroup section */

/* Begin PBXNativeTarget section */
		43A5DF162F71835100BE4A4D /* easy-flashcards */ = {
			isa = PBXNativeTarget;
			buildConfigurationList = 43A5DF3D2F71835200BE4A4D /* Build configuration list for PBXNativeTarget "easy-flashcards" */;
			buildPhases = (
				43A5DF132F71835100BE4A4D /* Sources */,
				43A5DF142F71835100BE4A4D /* Frameworks */,
				43A5DF152F71835100BE4A4D /* Resources */,
			);
			buildRules = (
			);
			dependencies = (
			);
			fileSystemSynchronizedGroups = (
				43A5DF192F71835100BE4A4D /* easy-flashcards */,
			);
			name = "easy-flashcards";
			packageProductDependencies = (
				43DEF9742F720250007A5DC9 /* FirebaseAI */,
				43DEF9762F720250007A5DC9 /* FirebaseAILogic */,
				43DEF9782F720250007A5DC9 /* FirebaseAnalytics */,
				43DEF97A2F720250007A5DC9 /* FirebaseAnalyticsCore */,
				43DEF97C2F720250007A5DC9 /* FirebaseAnalyticsIdentitySupport */,
				43DEF97E2F720250007A5DC9 /* FirebaseAppCheck */,
				43DEF9802F720250007A5DC9 /* FirebaseAppDistribution-Beta */,
				43DEF9822F720250007A5DC9 /* FirebaseAuth */,
				43DEF9842F720250007A5DC9 /* FirebaseAuthCombine-Community */,
				43DEF9862F720250007A5DC9 /* FirebaseCore */,
				43DEF9882F720250007A5DC9 /* FirebaseCrashlytics */,
				43DEF98A2F720250007A5DC9 /* FirebaseDatabase */,
				43DEF98C2F720250007A5DC9 /* FirebaseFirestore */,
				43DEF98E2F720250007A5DC9 /* FirebaseFirestoreCombine-Community */,
				43DEF9902F720250007A5DC9 /* FirebaseFunctions */,
				43DEF9922F720250007A5DC9 /* FirebaseFunctionsCombine-Community */,
				43DEF9942F720250007A5DC9 /* FirebaseInAppMessaging-Beta */,
				43DEF9962F720250007A5DC9 /* FirebaseInstallations */,
				43DEF9982F720250007A5DC9 /* FirebaseMLModelDownloader */,
				43DEF99A2F720250007A5DC9 /* FirebaseMessaging */,
				43DEF99C2F720250007A5DC9 /* FirebasePerformance */,
				43DEF99E2F720250007A5DC9 /* FirebaseRemoteConfig */,
				43DEF9A02F720250007A5DC9 /* FirebaseStorage */,
				43DEF9A22F720250007A5DC9 /* FirebaseStorageCombine-Community */,
				438FB4EA2F720A8C00D2254E /* GoogleSignIn */,
				438FB4EC2F720A8C00D2254E /* GoogleSignInSwift */,
			);
			productName = "easy-flashcards";
			productReference = 43A5DF172F71835100BE4A4D /* easy-flashcards.app */;
			productType = "com.apple.product-type.application";
		};
		43A5DF282F71835200BE4A4D /* easy-flashcardsTests */ = {
			isa = PBXNativeTarget;
			buildConfigurationList = 43A5DF402F71835200BE4A4D /* Build configuration list for PBXNativeTarget "easy-flashcardsTests" */;
			buildPhases = (
				43A5DF252F71835200BE4A4D /* Sources */,
				43A5DF262F71835200BE4A4D /* Frameworks */,
				43A5DF272F71835200BE4A4D /* Resources */,
			);
			buildRules = (
			);
			dependencies = (
				43A5DF2B2F71835200BE4A4D /* PBXTargetDependency */,
			);
			fileSystemSynchronizedGroups = (
				43A5DF2C2F71835200BE4A4D /* easy-flashcardsTests */,
			);
			name = "easy-flashcardsTests";
			packageProductDependencies = (
			);
			productName = "easy-flashcardsTests";
			productReference = 43A5DF292F71835200BE4A4D /* easy-flashcardsTests.xctest */;
			productType = "com.apple.product-type.bundle.unit-test";
		};
		43A5DF322F71835200BE4A4D /* easy-flashcardsUITests */ = {
			isa = PBXNativeTarget;
			buildConfigurationList = 43A5DF432F71835200BE4A4D /* Build configuration list for PBXNativeTarget "easy-flashcardsUITests" */;
			buildPhases = (
				43A5DF2F2F71835200BE4A4D /* Sources */,
				43A5DF302F71835200BE4A4D /* Frameworks */,
				43A5DF312F71835200BE4A4D /* Resources */,
			);
			buildRules = (
			);
			dependencies = (
				43A5DF352F71835200BE4A4D /* PBXTargetDependency */,
			);
			fileSystemSynchronizedGroups = (
				43A5DF362F71835200BE4A4D /* easy-flashcardsUITests */,
			);
			name = "easy-flashcardsUITests";
			packageProductDependencies = (
			);
			productName = "easy-flashcardsUITests";
			productReference = 43A5DF332F71835200BE4A4D /* easy-flashcardsUITests.xctest */;
			productType = "com.apple.product-type.bundle.ui-testing";
		};
/* End PBXNativeTarget section */

/* Begin PBXProject section */
		43A5DF0F2F71835100BE4A4D /* Project object */ = {
			isa = PBXProject;
			attributes = {
				BuildIndependentTargetsInParallel = 1;
				LastSwiftUpdateCheck = 2620;
				LastUpgradeCheck = 2620;
				TargetAttributes = {
					43A5DF162F71835100BE4A4D = {
						CreatedOnToolsVersion = 26.2;
					};
					43A5DF282F71835200BE4A4D = {
						CreatedOnToolsVersion = 26.2;
						TestTargetID = 43A5DF162F71835100BE4A4D;
					};
					43A5DF322F71835200BE4A4D = {
						CreatedOnToolsVersion = 26.2;
						TestTargetID = 43A5DF162F71835100BE4A4D;
					};
				};
			};
			buildConfigurationList = 43A5DF122F71835100BE4A4D /* Build configuration list for PBXProject "easy-flashcards" */;
			developmentRegion = en;
			hasScannedForEncodings = 0;
			knownRegions = (
				en,
				Base,
			);
			mainGroup = 43A5DF0E2F71835100BE4A4D;
			minimizedProjectReferenceProxies = 1;
			packageReferences = (
				43DEF9732F720250007A5DC9 /* XCRemoteSwiftPackageReference "firebase-ios-sdk" */,
				438FB4E92F720A8C00D2254E /* XCRemoteSwiftPackageReference "GoogleSignIn-iOS" */,
			);
			preferredProjectObjectVersion = 77;
			productRefGroup = 43A5DF182F71835100BE4A4D /* Products */;
			projectDirPath = "";
			projectRoot = "";
			targets = (
				43A5DF162F71835100BE4A4D /* easy-flashcards */,
				43A5DF282F71835200BE4A4D /* easy-flashcardsTests */,
				43A5DF322F71835200BE4A4D /* easy-flashcardsUITests */,
			);
		};
/* End PBXProject section */

/* Begin PBXResourcesBuildPhase section */
		43A5DF152F71835100BE4A4D /* Resources */ = {
			isa = PBXResourcesBuildPhase;
			buildActionMask = 2147483647;
			files = (
			);
			runOnlyForDeploymentPostprocessing = 0;
		};
		43A5DF272F71835200BE4A4D /* Resources */ = {
			isa = PBXResourcesBuildPhase;
			buildActionMask = 2147483647;
			files = (
			);
			runOnlyForDeploymentPostprocessing = 0;
		};
		43A5DF312F71835200BE4A4D /* Resources */ = {
			isa = PBXResourcesBuildPhase;
			buildActionMask = 2147483647;
			files = (
			);
			runOnlyForDeploymentPostprocessing = 0;
		};
/* End PBXResourcesBuildPhase section */

/* Begin PBXSourcesBuildPhase section */
		43A5DF132F71835100BE4A4D /* Sources */ = {
			isa = PBXSourcesBuildPhase;
			buildActionMask = 2147483647;
			files = (
			);
			runOnlyForDeploymentPostprocessing = 0;
		};
		43A5DF252F71835200BE4A4D /* Sources */ = {
			isa = PBXSourcesBuildPhase;
			buildActionMask = 2147483647;
			files = (
			);
			runOnlyForDeploymentPostprocessing = 0;
		};
		43A5DF2F2F71835200BE4A4D /* Sources */ = {
			isa = PBXSourcesBuildPhase;
			buildActionMask = 2147483647;
			files = (
			);
			runOnlyForDeploymentPostprocessing = 0;
		};
/* End PBXSourcesBuildPhase section */

/* Begin PBXTargetDependency section */
		43A5DF2B2F71835200BE4A4D /* PBXTargetDependency */ = {
			isa = PBXTargetDependency;
			target = 43A5DF162F71835100BE4A4D /* easy-flashcards */;
			targetProxy = 43A5DF2A2F71835200BE4A4D /* PBXContainerItemProxy */;
		};
		43A5DF352F71835200BE4A4D /* PBXTargetDependency */ = {
			isa = PBXTargetDependency;
			target = 43A5DF162F71835100BE4A4D /* easy-flashcards */;
			targetProxy = 43A5DF342F71835200BE4A4D /* PBXContainerItemProxy */;
		};
/* End PBXTargetDependency section */

/* Begin XCBuildConfiguration section */
		43A5DF3B2F71835200BE4A4D /* Debug */ = {
			isa = XCBuildConfiguration;
			buildSettings = {
				ALWAYS_SEARCH_USER_PATHS = NO;
				ASSETCATALOG_COMPILER_GENERATE_SWIFT_ASSET_SYMBOL_EXTENSIONS = YES;
				CLANG_ANALYZER_NONNULL = YES;
				CLANG_ANALYZER_NUMBER_OBJECT_CONVERSION = YES_AGGRESSIVE;
				CLANG_CXX_LANGUAGE_STANDARD = "gnu++20";
				CLANG_ENABLE_MODULES = YES;
				CLANG_ENABLE_OBJC_ARC = YES;
				CLANG_ENABLE_OBJC_WEAK = YES;
				CLANG_WARN_BLOCK_CAPTURE_AUTORELEASING = YES;
				CLANG_WARN_BOOL_CONVERSION = YES;
				CLANG_WARN_COMMA = YES;
				CLANG_WARN_CONSTANT_CONVERSION = YES;
				CLANG_WARN_DEPRECATED_OBJC_IMPLEMENTATIONS = YES;
				CLANG_WARN_DIRECT_OBJC_ISA_USAGE = YES_ERROR;
				CLANG_WARN_DOCUMENTATION_COMMENTS = YES;
				CLANG_WARN_EMPTY_BODY = YES;
				CLANG_WARN_ENUM_CONVERSION = YES;
				CLANG_WARN_INFINITE_RECURSION = YES;
				CLANG_WARN_INT_CONVERSION = YES;
				CLANG_WARN_NON_LITERAL_NULL_CONVERSION = YES;
				CLANG_WARN_OBJC_IMPLICIT_RETAIN_SELF = YES;
				CLANG_WARN_OBJC_LITERAL_CONVERSION = YES;
				CLANG_WARN_OBJC_ROOT_CLASS = YES_ERROR;
				CLANG_WARN_QUOTED_INCLUDE_IN_FRAMEWORK_HEADER = YES;
				CLANG_WARN_RANGE_LOOP_ANALYSIS = YES;
				CLANG_WARN_STRICT_PROTOTYPES = YES;
				CLANG_WARN_SUSPICIOUS_MOVE = YES;
				CLANG_WARN_UNGUARDED_AVAILABILITY = YES_AGGRESSIVE;
				CLANG_WARN_UNREACHABLE_CODE = YES;
				CLANG_WARN__DUPLICATE_METHOD_MATCH = YES;
				COPY_PHASE_STRIP = NO;
				DEBUG_INFORMATION_FORMAT = dwarf;
				ENABLE_STRICT_OBJC_MSGSEND = YES;
				ENABLE_TESTABILITY = YES;
				ENABLE_USER_SCRIPT_SANDBOXING = YES;
				GCC_C_LANGUAGE_STANDARD = gnu17;
				GCC_DYNAMIC_NO_PIC = NO;
				GCC_NO_COMMON_BLOCKS = YES;
				GCC_OPTIMIZATION_LEVEL = 0;
				GCC_PREPROCESSOR_DEFINITIONS = (
					"DEBUG=1",
					"$(inherited)",
				);
				GCC_WARN_64_TO_32_BIT_CONVERSION = YES;
				GCC_WARN_ABOUT_RETURN_TYPE = YES_ERROR;
				GCC_WARN_UNDECLARED_SELECTOR = YES;
				GCC_WARN_UNINITIALIZED_AUTOS = YES_AGGRESSIVE;
				GCC_WARN_UNUSED_FUNCTION = YES;
				GCC_WARN_UNUSED_VARIABLE = YES;
				IPHONEOS_DEPLOYMENT_TARGET = 18.6;
				LOCALIZATION_PREFERS_STRING_CATALOGS = YES;
				MTL_ENABLE_DEBUG_INFO = INCLUDE_SOURCE;
				MTL_FAST_MATH = YES;
				ONLY_ACTIVE_ARCH = YES;
				SDKROOT = iphoneos;
				SWIFT_ACTIVE_COMPILATION_CONDITIONS = "DEBUG $(inherited)";
				SWIFT_OPTIMIZATION_LEVEL = "-Onone";
			};
			name = Debug;
		};
		43A5DF3C2F71835200BE4A4D /* Release */ = {
			isa = XCBuildConfiguration;
			buildSettings = {
				ALWAYS_SEARCH_USER_PATHS = NO;
				ASSETCATALOG_COMPILER_GENERATE_SWIFT_ASSET_SYMBOL_EXTENSIONS = YES;
				CLANG_ANALYZER_NONNULL = YES;
				CLANG_ANALYZER_NUMBER_OBJECT_CONVERSION = YES_AGGRESSIVE;
				CLANG_CXX_LANGUAGE_STANDARD = "gnu++20";
				CLANG_ENABLE_MODULES = YES;
				CLANG_ENABLE_OBJC_ARC = YES;
				CLANG_ENABLE_OBJC_WEAK = YES;
				CLANG_WARN_BLOCK_CAPTURE_AUTORELEASING = YES;
				CLANG_WARN_BOOL_CONVERSION = YES;
				CLANG_WARN_COMMA = YES;
				CLANG_WARN_CONSTANT_CONVERSION = YES;
				CLANG_WARN_DEPRECATED_OBJC_IMPLEMENTATIONS = YES;
				CLANG_WARN_DIRECT_OBJC_ISA_USAGE = YES_ERROR;
				CLANG_WARN_DOCUMENTATION_COMMENTS = YES;
				CLANG_WARN_EMPTY_BODY = YES;
				CLANG_WARN_ENUM_CONVERSION = YES;
				CLANG_WARN_INFINITE_RECURSION = YES;
				CLANG_WARN_INT_CONVERSION = YES;
				CLANG_WARN_NON_LITERAL_NULL_CONVERSION = YES;
				CLANG_WARN_OBJC_IMPLICIT_RETAIN_SELF = YES;
				CLANG_WARN_OBJC_LITERAL_CONVERSION = YES;
				CLANG_WARN_OBJC_ROOT_CLASS = YES_ERROR;
				CLANG_WARN_QUOTED_INCLUDE_IN_FRAMEWORK_HEADER = YES;
				CLANG_WARN_RANGE_LOOP_ANALYSIS = YES;
				CLANG_WARN_STRICT_PROTOTYPES = YES;
				CLANG_WARN_SUSPICIOUS_MOVE = YES;
				CLANG_WARN_UNGUARDED_AVAILABILITY = YES_AGGRESSIVE;
				CLANG_WARN_UNREACHABLE_CODE = YES;
				CLANG_WARN__DUPLICATE_METHOD_MATCH = YES;
				COPY_PHASE_STRIP = NO;
				DEBUG_INFORMATION_FORMAT = "dwarf-with-dsym";
				ENABLE_NS_ASSERTIONS = NO;
				ENABLE_STRICT_OBJC_MSGSEND = YES;
				ENABLE_USER_SCRIPT_SANDBOXING = YES;
				GCC_C_LANGUAGE_STANDARD = gnu17;
				GCC_NO_COMMON_BLOCKS = YES;
				GCC_WARN_64_TO_32_BIT_CONVERSION = YES;
				GCC_WARN_ABOUT_RETURN_TYPE = YES_ERROR;
				GCC_WARN_UNDECLARED_SELECTOR = YES;
				GCC_WARN_UNINITIALIZED_AUTOS = YES_AGGRESSIVE;
				GCC_WARN_UNUSED_FUNCTION = YES;
				GCC_WARN_UNUSED_VARIABLE = YES;
				IPHONEOS_DEPLOYMENT_TARGET = 18.6;
				LOCALIZATION_PREFERS_STRING_CATALOGS = YES;
				MTL_ENABLE_DEBUG_INFO = NO;
				MTL_FAST_MATH = YES;
				SDKROOT = iphoneos;
				SWIFT_COMPILATION_MODE = wholemodule;
				VALIDATE_PRODUCT = YES;
			};
			name = Release;
		};
		43A5DF3E2F71835200BE4A4D /* Debug */ = {
			isa = XCBuildConfiguration;
			buildSettings = {
				ASSETCATALOG_COMPILER_APPICON_NAME = AppIcon;
				ASSETCATALOG_COMPILER_GLOBAL_ACCENT_COLOR_NAME = AccentColor;
				CODE_SIGN_STYLE = Automatic;
				CURRENT_PROJECT_VERSION = 1;
				DEVELOPMENT_TEAM = 2GZN38LX2P;
				ENABLE_PREVIEWS = YES;
				GENERATE_INFOPLIST_FILE = YES;
				INFOPLIST_FILE = "easy-flashcards/Info.plist";
				INFOPLIST_KEY_LSApplicationCategoryType = "public.app-category.education";
				INFOPLIST_KEY_NSMicrophoneUsageDescription = "Easy Flashcards precisa acessar o microfone para o treino de pronúncia das palavras.";
				INFOPLIST_KEY_NSSpeechRecognitionUsageDescription = "Easy Flashcards precisa do reconhecimento de fala para avaliar sua pronúncia durante o treino.";
				INFOPLIST_KEY_UIApplicationSceneManifest_Generation = YES;
				INFOPLIST_KEY_UIApplicationSupportsIndirectInputEvents = YES;
				INFOPLIST_KEY_UILaunchStoryboardName = "Launch Screen";
				INFOPLIST_KEY_UISupportedInterfaceOrientations_iPad = "UIInterfaceOrientationPortrait UIInterfaceOrientationPortraitUpsideDown UIInterfaceOrientationLandscapeLeft UIInterfaceOrientationLandscapeRight";
				INFOPLIST_KEY_UISupportedInterfaceOrientations_iPhone = "UIInterfaceOrientationPortrait UIInterfaceOrientationLandscapeLeft UIInterfaceOrientationLandscapeRight";
				LD_RUNPATH_SEARCH_PATHS = (
					"$(inherited)",
					"@executable_path/Frameworks",
				);
				MARKETING_VERSION = 1.0;
				PRODUCT_BUNDLE_IDENTIFIER = "com.easy-flashcards";
				PRODUCT_NAME = "$(TARGET_NAME)";
				STRING_CATALOG_GENERATE_SYMBOLS = YES;
				SUPPORTED_PLATFORMS = "iphoneos iphonesimulator";
				SUPPORTS_MACCATALYST = NO;
				SUPPORTS_MAC_DESIGNED_FOR_IPHONE_IPAD = NO;
				SUPPORTS_XR_DESIGNED_FOR_IPHONE_IPAD = NO;
				SWIFT_APPROACHABLE_CONCURRENCY = YES;
				SWIFT_DEFAULT_ACTOR_ISOLATION = MainActor;
				SWIFT_EMIT_LOC_STRINGS = YES;
				SWIFT_UPCOMING_FEATURE_MEMBER_IMPORT_VISIBILITY = YES;
				SWIFT_VERSION = 5.0;
				TARGETED_DEVICE_FAMILY = 1;
			};
			name = Debug;
		};
		43A5DF3F2F71835200BE4A4D /* Release */ = {
			isa = XCBuildConfiguration;
			buildSettings = {
				ASSETCATALOG_COMPILER_APPICON_NAME = AppIcon;
				ASSETCATALOG_COMPILER_GLOBAL_ACCENT_COLOR_NAME = AccentColor;
				CODE_SIGN_STYLE = Automatic;
				CURRENT_PROJECT_VERSION = 1;
				DEVELOPMENT_TEAM = 2GZN38LX2P;
				ENABLE_PREVIEWS = YES;
				GENERATE_INFOPLIST_FILE = YES;
				INFOPLIST_FILE = "easy-flashcards/Info.plist";
				INFOPLIST_KEY_LSApplicationCategoryType = "public.app-category.education";
				INFOPLIST_KEY_NSMicrophoneUsageDescription = "Easy Flashcards precisa acessar o microfone para o treino de pronúncia das palavras.";
				INFOPLIST_KEY_NSSpeechRecognitionUsageDescription = "Easy Flashcards precisa do reconhecimento de fala para avaliar sua pronúncia durante o treino.";
				INFOPLIST_KEY_UIApplicationSceneManifest_Generation = YES;
				INFOPLIST_KEY_UIApplicationSupportsIndirectInputEvents = YES;
				INFOPLIST_KEY_UILaunchStoryboardName = "Launch Screen";
				INFOPLIST_KEY_UISupportedInterfaceOrientations_iPad = "UIInterfaceOrientationPortrait UIInterfaceOrientationPortraitUpsideDown UIInterfaceOrientationLandscapeLeft UIInterfaceOrientationLandscapeRight";
				INFOPLIST_KEY_UISupportedInterfaceOrientations_iPhone = "UIInterfaceOrientationPortrait UIInterfaceOrientationLandscapeLeft UIInterfaceOrientationLandscapeRight";
				LD_RUNPATH_SEARCH_PATHS = (
					"$(inherited)",
					"@executable_path/Frameworks",
				);
				MARKETING_VERSION = 1.0;
				PRODUCT_BUNDLE_IDENTIFIER = "com.easy-flashcards";
				PRODUCT_NAME = "$(TARGET_NAME)";
				STRING_CATALOG_GENERATE_SYMBOLS = YES;
				SUPPORTED_PLATFORMS = "iphoneos iphonesimulator";
				SUPPORTS_MACCATALYST = NO;
				SUPPORTS_MAC_DESIGNED_FOR_IPHONE_IPAD = NO;
				SUPPORTS_XR_DESIGNED_FOR_IPHONE_IPAD = NO;
				SWIFT_APPROACHABLE_CONCURRENCY = YES;
				SWIFT_DEFAULT_ACTOR_ISOLATION = MainActor;
				SWIFT_EMIT_LOC_STRINGS = YES;
				SWIFT_UPCOMING_FEATURE_MEMBER_IMPORT_VISIBILITY = YES;
				SWIFT_VERSION = 5.0;
				TARGETED_DEVICE_FAMILY = 1;
			};
			name = Release;
		};
		43A5DF412F71835200BE4A4D /* Debug */ = {
			isa = XCBuildConfiguration;
			buildSettings = {
				BUNDLE_LOADER = "$(TEST_HOST)";
				CODE_SIGN_STYLE = Automatic;
				CURRENT_PROJECT_VERSION = 1;
				GENERATE_INFOPLIST_FILE = YES;
				IPHONEOS_DEPLOYMENT_TARGET = 26.2;
				MARKETING_VERSION = 1.0;
				PRODUCT_BUNDLE_IDENTIFIER = "met.easy-flashcardsTests";
				PRODUCT_NAME = "$(TARGET_NAME)";
				STRING_CATALOG_GENERATE_SYMBOLS = NO;
				SWIFT_APPROACHABLE_CONCURRENCY = YES;
				SWIFT_EMIT_LOC_STRINGS = NO;
				SWIFT_UPCOMING_FEATURE_MEMBER_IMPORT_VISIBILITY = YES;
				SWIFT_VERSION = 5.0;
				TARGETED_DEVICE_FAMILY = "1,2";
				TEST_HOST = "$(BUILT_PRODUCTS_DIR)/easy-flashcards.app/$(BUNDLE_EXECUTABLE_FOLDER_PATH)/easy-flashcards";
			};
			name = Debug;
		};
		43A5DF422F71835200BE4A4D /* Release */ = {
			isa = XCBuildConfiguration;
			buildSettings = {
				BUNDLE_LOADER = "$(TEST_HOST)";
				CODE_SIGN_STYLE = Automatic;
				CURRENT_PROJECT_VERSION = 1;
				GENERATE_INFOPLIST_FILE = YES;
				IPHONEOS_DEPLOYMENT_TARGET = 26.2;
				MARKETING_VERSION = 1.0;
				PRODUCT_BUNDLE_IDENTIFIER = "met.easy-flashcardsTests";
				PRODUCT_NAME = "$(TARGET_NAME)";
				STRING_CATALOG_GENERATE_SYMBOLS = NO;
				SWIFT_APPROACHABLE_CONCURRENCY = YES;
				SWIFT_EMIT_LOC_STRINGS = NO;
				SWIFT_UPCOMING_FEATURE_MEMBER_IMPORT_VISIBILITY = YES;
				SWIFT_VERSION = 5.0;
				TARGETED_DEVICE_FAMILY = "1,2";
				TEST_HOST = "$(BUILT_PRODUCTS_DIR)/easy-flashcards.app/$(BUNDLE_EXECUTABLE_FOLDER_PATH)/easy-flashcards";
			};
			name = Release;
		};
		43A5DF442F71835200BE4A4D /* Debug */ = {
			isa = XCBuildConfiguration;
			buildSettings = {
				CODE_SIGN_STYLE = Automatic;
				CURRENT_PROJECT_VERSION = 1;
				GENERATE_INFOPLIST_FILE = YES;
				MARKETING_VERSION = 1.0;
				PRODUCT_BUNDLE_IDENTIFIER = "met.easy-flashcardsUITests";
				PRODUCT_NAME = "$(TARGET_NAME)";
				STRING_CATALOG_GENERATE_SYMBOLS = NO;
				SWIFT_APPROACHABLE_CONCURRENCY = YES;
				SWIFT_EMIT_LOC_STRINGS = NO;
				SWIFT_UPCOMING_FEATURE_MEMBER_IMPORT_VISIBILITY = YES;
				SWIFT_VERSION = 5.0;
				TARGETED_DEVICE_FAMILY = "1,2";
				TEST_TARGET_NAME = "easy-flashcards";
			};
			name = Debug;
		};
		43A5DF452F71835200BE4A4D /* Release */ = {
			isa = XCBuildConfiguration;
			buildSettings = {
				CODE_SIGN_STYLE = Automatic;
				CURRENT_PROJECT_VERSION = 1;
				GENERATE_INFOPLIST_FILE = YES;
				MARKETING_VERSION = 1.0;
				PRODUCT_BUNDLE_IDENTIFIER = "met.easy-flashcardsUITests";
				PRODUCT_NAME = "$(TARGET_NAME)";
				STRING_CATALOG_GENERATE_SYMBOLS = NO;
				SWIFT_APPROACHABLE_CONCURRENCY = YES;
				SWIFT_EMIT_LOC_STRINGS = NO;
				SWIFT_UPCOMING_FEATURE_MEMBER_IMPORT_VISIBILITY = YES;
				SWIFT_VERSION = 5.0;
				TARGETED_DEVICE_FAMILY = "1,2";
				TEST_TARGET_NAME = "easy-flashcards";
			};
			name = Release;
		};
/* End XCBuildConfiguration section */

/* Begin XCConfigurationList section */
		43A5DF122F71835100BE4A4D /* Build configuration list for PBXProject "easy-flashcards" */ = {
			isa = XCConfigurationList;
			buildConfigurations = (
				43A5DF3B2F71835200BE4A4D /* Debug */,
				43A5DF3C2F71835200BE4A4D /* Release */,
			);
			defaultConfigurationIsVisible = 0;
			defaultConfigurationName = Release;
		};
		43A5DF3D2F71835200BE4A4D /* Build configuration list for PBXNativeTarget "easy-flashcards" */ = {
			isa = XCConfigurationList;
			buildConfigurations = (
				43A5DF3E2F71835200BE4A4D /* Debug */,
				43A5DF3F2F71835200BE4A4D /* Release */,
			);
			defaultConfigurationIsVisible = 0;
			defaultConfigurationName = Release;
		};
		43A5DF402F71835200BE4A4D /* Build configuration list for PBXNativeTarget "easy-flashcardsTests" */ = {
			isa = XCConfigurationList;
			buildConfigurations = (
				43A5DF412F71835200BE4A4D /* Debug */,
				43A5DF422F71835200BE4A4D /* Release */,
			);
			defaultConfigurationIsVisible = 0;
			defaultConfigurationName = Release;
		};
		43A5DF432F71835200BE4A4D /* Build configuration list for PBXNativeTarget "easy-flashcardsUITests" */ = {
			isa = XCConfigurationList;
			buildConfigurations = (
				43A5DF442F71835200BE4A4D /* Debug */,
				43A5DF452F71835200BE4A4D /* Release */,
			);
			defaultConfigurationIsVisible = 0;
			defaultConfigurationName = Release;
		};
/* End XCConfigurationList section */

/* Begin XCRemoteSwiftPackageReference section */
		438FB4E92F720A8C00D2254E /* XCRemoteSwiftPackageReference "GoogleSignIn-iOS" */ = {
			isa = XCRemoteSwiftPackageReference;
			repositoryURL = "https://github.com/google/GoogleSignIn-iOS";
			requirement = {
				kind = upToNextMajorVersion;
				minimumVersion = 9.1.0;
			};
		};
		43DEF9732F720250007A5DC9 /* XCRemoteSwiftPackageReference "firebase-ios-sdk" */ = {
			isa = XCRemoteSwiftPackageReference;
			repositoryURL = "https://github.com/firebase/firebase-ios-sdk";
			requirement = {
				kind = upToNextMajorVersion;
				minimumVersion = 12.11.0;
			};
		};
/* End XCRemoteSwiftPackageReference section */

/* Begin XCSwiftPackageProductDependency section */
		438FB4EA2F720A8C00D2254E /* GoogleSignIn */ = {
			isa = XCSwiftPackageProductDependency;
			package = 438FB4E92F720A8C00D2254E /* XCRemoteSwiftPackageReference "GoogleSignIn-iOS" */;
			productName = GoogleSignIn;
		};
		438FB4EC2F720A8C00D2254E /* GoogleSignInSwift */ = {
			isa = XCSwiftPackageProductDependency;
			package = 438FB4E92F720A8C00D2254E /* XCRemoteSwiftPackageReference "GoogleSignIn-iOS" */;
			productName = GoogleSignInSwift;
		};
		43DEF9742F720250007A5DC9 /* FirebaseAI */ = {
			isa = XCSwiftPackageProductDependency;
			package = 43DEF9732F720250007A5DC9 /* XCRemoteSwiftPackageReference "firebase-ios-sdk" */;
			productName = FirebaseAI;
		};
		43DEF9762F720250007A5DC9 /* FirebaseAILogic */ = {
			isa = XCSwiftPackageProductDependency;
			package = 43DEF9732F720250007A5DC9 /* XCRemoteSwiftPackageReference "firebase-ios-sdk" */;
			productName = FirebaseAILogic;
		};
		43DEF9782F720250007A5DC9 /* FirebaseAnalytics */ = {
			isa = XCSwiftPackageProductDependency;
			package = 43DEF9732F720250007A5DC9 /* XCRemoteSwiftPackageReference "firebase-ios-sdk" */;
			productName = FirebaseAnalytics;
		};
		43DEF97A2F720250007A5DC9 /* FirebaseAnalyticsCore */ = {
			isa = XCSwiftPackageProductDependency;
			package = 43DEF9732F720250007A5DC9 /* XCRemoteSwiftPackageReference "firebase-ios-sdk" */;
			productName = FirebaseAnalyticsCore;
		};
		43DEF97C2F720250007A5DC9 /* FirebaseAnalyticsIdentitySupport */ = {
			isa = XCSwiftPackageProductDependency;
			package = 43DEF9732F720250007A5DC9 /* XCRemoteSwiftPackageReference "firebase-ios-sdk" */;
			productName = FirebaseAnalyticsIdentitySupport;
		};
		43DEF97E2F720250007A5DC9 /* FirebaseAppCheck */ = {
			isa = XCSwiftPackageProductDependency;
			package = 43DEF9732F720250007A5DC9 /* XCRemoteSwiftPackageReference "firebase-ios-sdk" */;
			productName = FirebaseAppCheck;
		};
		43DEF9802F720250007A5DC9 /* FirebaseAppDistribution-Beta */ = {
			isa = XCSwiftPackageProductDependency;
			package = 43DEF9732F720250007A5DC9 /* XCRemoteSwiftPackageReference "firebase-ios-sdk" */;
			productName = "FirebaseAppDistribution-Beta";
		};
		43DEF9822F720250007A5DC9 /* FirebaseAuth */ = {
			isa = XCSwiftPackageProductDependency;
			package = 43DEF9732F720250007A5DC9 /* XCRemoteSwiftPackageReference "firebase-ios-sdk" */;
			productName = FirebaseAuth;
		};
		43DEF9842F720250007A5DC9 /* FirebaseAuthCombine-Community */ = {
			isa = XCSwiftPackageProductDependency;
			package = 43DEF9732F720250007A5DC9 /* XCRemoteSwiftPackageReference "firebase-ios-sdk" */;
			productName = "FirebaseAuthCombine-Community";
		};
		43DEF9862F720250007A5DC9 /* FirebaseCore */ = {
			isa = XCSwiftPackageProductDependency;
			package = 43DEF9732F720250007A5DC9 /* XCRemoteSwiftPackageReference "firebase-ios-sdk" */;
			productName = FirebaseCore;
		};
		43DEF9882F720250007A5DC9 /* FirebaseCrashlytics */ = {
			isa = XCSwiftPackageProductDependency;
			package = 43DEF9732F720250007A5DC9 /* XCRemoteSwiftPackageReference "firebase-ios-sdk" */;
			productName = FirebaseCrashlytics;
		};
		43DEF98A2F720250007A5DC9 /* FirebaseDatabase */ = {
			isa = XCSwiftPackageProductDependency;
			package = 43DEF9732F720250007A5DC9 /* XCRemoteSwiftPackageReference "firebase-ios-sdk" */;
			productName = FirebaseDatabase;
		};
		43DEF98C2F720250007A5DC9 /* FirebaseFirestore */ = {
			isa = XCSwiftPackageProductDependency;
			package = 43DEF9732F720250007A5DC9 /* XCRemoteSwiftPackageReference "firebase-ios-sdk" */;
			productName = FirebaseFirestore;
		};
		43DEF98E2F720250007A5DC9 /* FirebaseFirestoreCombine-Community */ = {
			isa = XCSwiftPackageProductDependency;
			package = 43DEF9732F720250007A5DC9 /* XCRemoteSwiftPackageReference "firebase-ios-sdk" */;
			productName = "FirebaseFirestoreCombine-Community";
		};
		43DEF9902F720250007A5DC9 /* FirebaseFunctions */ = {
			isa = XCSwiftPackageProductDependency;
			package = 43DEF9732F720250007A5DC9 /* XCRemoteSwiftPackageReference "firebase-ios-sdk" */;
			productName = FirebaseFunctions;
		};
		43DEF9922F720250007A5DC9 /* FirebaseFunctionsCombine-Community */ = {
			isa = XCSwiftPackageProductDependency;
			package = 43DEF9732F720250007A5DC9 /* XCRemoteSwiftPackageReference "firebase-ios-sdk" */;
			productName = "FirebaseFunctionsCombine-Community";
		};
		43DEF9942F720250007A5DC9 /* FirebaseInAppMessaging-Beta */ = {
			isa = XCSwiftPackageProductDependency;
			package = 43DEF9732F720250007A5DC9 /* XCRemoteSwiftPackageReference "firebase-ios-sdk" */;
			productName = "FirebaseInAppMessaging-Beta";
		};
		43DEF9962F720250007A5DC9 /* FirebaseInstallations */ = {
			isa = XCSwiftPackageProductDependency;
			package = 43DEF9732F720250007A5DC9 /* XCRemoteSwiftPackageReference "firebase-ios-sdk" */;
			productName = FirebaseInstallations;
		};
		43DEF9982F720250007A5DC9 /* FirebaseMLModelDownloader */ = {
			isa = XCSwiftPackageProductDependency;
			package = 43DEF9732F720250007A5DC9 /* XCRemoteSwiftPackageReference "firebase-ios-sdk" */;
			productName = FirebaseMLModelDownloader;
		};
		43DEF99A2F720250007A5DC9 /* FirebaseMessaging */ = {
			isa = XCSwiftPackageProductDependency;
			package = 43DEF9732F720250007A5DC9 /* XCRemoteSwiftPackageReference "firebase-ios-sdk" */;
			productName = FirebaseMessaging;
		};
		43DEF99C2F720250007A5DC9 /* FirebasePerformance */ = {
			isa = XCSwiftPackageProductDependency;
			package = 43DEF9732F720250007A5DC9 /* XCRemoteSwiftPackageReference "firebase-ios-sdk" */;
			productName = FirebasePerformance;
		};
		43DEF99E2F720250007A5DC9 /* FirebaseRemoteConfig */ = {
			isa = XCSwiftPackageProductDependency;
			package = 43DEF9732F720250007A5DC9 /* XCRemoteSwiftPackageReference "firebase-ios-sdk" */;
			productName = FirebaseRemoteConfig;
		};
		43DEF9A02F720250007A5DC9 /* FirebaseStorage */ = {
			isa = XCSwiftPackageProductDependency;
			package = 43DEF9732F720250007A5DC9 /* XCRemoteSwiftPackageReference "firebase-ios-sdk" */;
			productName = FirebaseStorage;
		};
		43DEF9A22F720250007A5DC9 /* FirebaseStorageCombine-Community */ = {
			isa = XCSwiftPackageProductDependency;
			package = 43DEF9732F720250007A5DC9 /* XCRemoteSwiftPackageReference "firebase-ios-sdk" */;
			productName = "FirebaseStorageCombine-Community";
		};
/* End XCSwiftPackageProductDependency section */
	};
	rootObject = 43A5DF0F2F71835100BE4A4D /* Project object */;
}
